{
  "name": "formulae.js",
  "version": "1.0.5",
  "lockfileVersion": 1,
  "requires": true,
  "dependencies": {
    "eslint": {
      "version": "5.0.1",
      "resolved": "https://registry.npmjs.org/eslint/-/eslint-5.0.1.tgz",
      "integrity": "sha512-D5nG2rErquLUstgUaxJlWB5+gu+U/3VDY0fk/Iuq8y9CUFy/7Y6oF4N2cR1tV8knzQvciIbfqfohd359xTLIKQ==",
      "dev": true,
      "requires": {
        "ajv": "^6.5.0",
        "babel-code-frame": "^6.26.0",
        "chalk": "^2.1.0",
        "cross-spawn": "^6.0.5",
        "debug": "^3.1.0",
        "doctrine": "^2.1.0",
        "eslint-scope": "^4.0.0",
        "eslint-visitor-keys": "^1.0.0",
        "espree": "^4.0.0",
        "esquery": "^1.0.1",
        "esutils": "^2.0.2",
        "file-entry-cache": "^2.0.0",
        "functional-red-black-tree": "^1.0.1",
        "glob": "^7.1.2",
        "globals": "^11.5.0",
        "ignore": "^3.3.3",
        "imurmurhash": "^0.1.4",
        "inquirer": "^5.2.0",
        "is-resolvable": "^1.1.0",
        "js-yaml": "^3.11.0",
        "json-stable-stringify-without-jsonify": "^1.0.1",
        "levn": "^0.3.0",
        "lodash": "^4.17.5",
        "minimatch": "^3.0.4",
        "mkdirp": "^0.5.1",
        "natural-compare": "^1.4.0",
        "optionator": "^0.8.2",
        "path-is-inside": "^1.0.2",
        "pluralize": "^7.0.0",
        "progress": "^2.0.0",
        "regexpp": "^1.1.0",
        "require-uncached": "^1.0.3",
        "semver": "^5.5.0",
        "string.prototype.matchall": "^2.0.0",
        "strip-ansi": "^4.0.0",
        "strip-json-comments": "^2.0.1",
        "table": "^4.0.3",
        "text-table": "^0.2.0"
      }
    },
    "eslint-config-airbnb": {
      "version": "15.1.0",
      "resolved": "https://registry.npmjs.org/eslint-config-airbnb/-/eslint-config-airbnb-15.1.0.tgz",
      "integrity": "sha512-m0q9fiMBzDAIbirlGnpJNWToIhdhJmXXnMG+IFflYzzod9231ZhtmGKegKg8E9T8F1YuVaDSU1FnCm5b9iXVhQ==",
      "dev": true,
      "requires": {
        "eslint-config-airbnb-base": "^11.3.0"
      }
    },
    "eslint-config-airbnb-base": {
      "version": "11.3.2",
      "resolved": "https://registry.npmjs.org/eslint-config-airbnb-base/-/eslint-config-airbnb-base-11.3.2.tgz",
      "integrity": "sha512-/fhjt/VqzBA2SRsx7ErDtv6Ayf+XLw9LIOqmpBuHFCVwyJo2EtzGWMB9fYRFBoWWQLxmNmCpenNiH0RxyeS41w==",
      "dev": true,
      "requires": {
        "eslint-restricted-globals": "^0.1.1",
        "something-wrong":"12"
      }
    }
  }
}
